{
  "version": 4,
  "terraform_version": "0.12.12",
  "serial": 28,
  "lineage": "19cceaa1-2125-5e38-57d7-436702eb7f0f",
  "outputs": {
    "config_map_aws_auth": {
      "value": "\r\n\r\napiVersion: v1\r\nkind: ConfigMap\r\nmetadata:\r\n  name: aws-auth\r\n  namespace: kube-system\r\ndata:\r\n  mapRoles: |\r\n    - rolearn: arn:aws:iam::826534061673:role/terraform-eks-hackathon-node\r\n      username: system:node:{{EC2PrivateDNSName}}\r\n      groups:\r\n        - system:bootstrappers\r\n        - system:nodes\r\n",
      "type": "string"
    },
    "endpoint": {
      "value": "https://8AD34A2BF3B5B2A2A1C0A46E6FABFC36.gr7.us-east-1.eks.amazonaws.com",
      "type": "string"
    },
    "kubeconfig": {
      "value": "\r\n\r\napiVersion: v1\r\nclusters:\r\n- cluster:\r\n    server: https://8AD34A2BF3B5B2A2A1C0A46E6FABFC36.gr7.us-east-1.eks.amazonaws.com\r\n    certificate-authority-data: LS0tLS1CRUdJTiBDRVJUSUZJQ0FURS0tLS0tCk1JSUN5RENDQWJDZ0F3SUJBZ0lCQURBTkJna3Foa2lHOXcwQkFRc0ZBREFWTVJNd0VRWURWUVFERXdwcmRXSmwKY201bGRHVnpNQjRYRFRFNU1UQXpNVEE0TlRJMU9Wb1hEVEk1TVRBeU9EQTROVEkxT1Zvd0ZURVRNQkVHQTFVRQpBeE1LYTNWaVpYSnVaWFJsY3pDQ0FTSXdEUVlKS29aSWh2Y05BUUVCQlFBRGdnRVBBRENDQVFvQ2dnRUJBS0NzCk1POEJ1U1ZNbVJERkxocDM1dE1HOHBodVI5Y1FwVWRiNGtTMGRyN1kyZ0svVXhGSWhjcjhycDN0Z09CTnMzMUoKNkJsdTMwWjhxL3VEMG1uTEEyYWMyTkxIbklqbFRzVnIwVVpXOVBkK29hNDR0VE1kS1drSm5Sc1JuTDVVNEZ5cworT242ZmI0cW93eFR6QUxia0k1RzY5SStrbjlhZDhFRlhtellPdGZBWmRsa01pNTJGazhhUHAzcjIvUjc4emxSCkVGSmFQMUVnNnBycmY5SU5TQ3pnSWJ6RmNzY0IvaE92cXFrRmFmWENyQ2pqbGRBVERRcFJtYTlleno1UmZZV0MKVGFjRDF3RHpkeWwvdTl2VTk2NzF6Mko1S0VMWjlVdUVWNHgxdEZjNjVoa0c4SlRMMTZnWUdoK3l5enhCdld2QwpYT3RxVUlKZzJjeUt1ZnkvQ0JrQ0F3RUFBYU1qTUNFd0RnWURWUjBQQVFIL0JBUURBZ0trTUE4R0ExVWRFd0VCCi93UUZNQU1CQWY4d0RRWUpLb1pJaHZjTkFRRUxCUUFEZ2dFQkFLQUNVKzlNWTVCeUN2S016a0NrQ2hQVVJaTXkKYXp1eWVUMm5MQWFic1EwM3U2OWc5ak9EKzRPNHJKOElhSnh6QmI1S1ZhWUhMS1lOU3k3ZDhId3RaampsUy80dAo2ME5KeWVsTlRxNWhuWmY3TWxZdUJtMGtCSjYrTUM4bGZhUkxQRERSaE5MMlU1Y2FWK2oyNkhaVDBCK1oyVjJyClNiaU50WEovZGwreGsyb1A1M2pEcEQ3Z2dkUndoS1hTNEpmd1JTcUlIYWhwK2JLNkMrNExUU0xaNVhvUkE2QnMKVmFDckZoVUpBeW1PK2hKU0FhTk9GYlFldVhyRmZ6dmNsT0tWY200UHB2Y0RJVEdoY0hzVStPR1hqNnN5ZnM4dApKUHB5NTI0UXl4bEZnVjRNbDQweW9RQ3d4NkltTmhsZ2IxRzNIOUNyM25SaHJ6bUt4eGpwU3hBbTlNQT0KLS0tLS1FTkQgQ0VSVElGSUNBVEUtLS0tLQo=\r\n  name: kubernetes\r\ncontexts:\r\n- context:\r\n    cluster: kubernetes\r\n    user: aws\r\n  name: aws\r\ncurrent-context: aws\r\nkind: Config\r\npreferences: {}\r\nusers:\r\n- name: aws\r\n  user:\r\n    exec:\r\n      apiVersion: client.authentication.k8s.io/v1alpha1\r\n      command: aws-iam-authenticator\r\n      args:\r\n        - \"token\"\r\n        - \"-i\"\r\n        - \"hackathon2k19\"\r\n",
      "type": "string"
    },
    "kubeconfig-certificate-authority-data": {
      "value": "LS0tLS1CRUdJTiBDRVJUSUZJQ0FURS0tLS0tCk1JSUN5RENDQWJDZ0F3SUJBZ0lCQURBTkJna3Foa2lHOXcwQkFRc0ZBREFWTVJNd0VRWURWUVFERXdwcmRXSmwKY201bGRHVnpNQjRYRFRFNU1UQXpNVEE0TlRJMU9Wb1hEVEk1TVRBeU9EQTROVEkxT1Zvd0ZURVRNQkVHQTFVRQpBeE1LYTNWaVpYSnVaWFJsY3pDQ0FTSXdEUVlKS29aSWh2Y05BUUVCQlFBRGdnRVBBRENDQVFvQ2dnRUJBS0NzCk1POEJ1U1ZNbVJERkxocDM1dE1HOHBodVI5Y1FwVWRiNGtTMGRyN1kyZ0svVXhGSWhjcjhycDN0Z09CTnMzMUoKNkJsdTMwWjhxL3VEMG1uTEEyYWMyTkxIbklqbFRzVnIwVVpXOVBkK29hNDR0VE1kS1drSm5Sc1JuTDVVNEZ5cworT242ZmI0cW93eFR6QUxia0k1RzY5SStrbjlhZDhFRlhtellPdGZBWmRsa01pNTJGazhhUHAzcjIvUjc4emxSCkVGSmFQMUVnNnBycmY5SU5TQ3pnSWJ6RmNzY0IvaE92cXFrRmFmWENyQ2pqbGRBVERRcFJtYTlleno1UmZZV0MKVGFjRDF3RHpkeWwvdTl2VTk2NzF6Mko1S0VMWjlVdUVWNHgxdEZjNjVoa0c4SlRMMTZnWUdoK3l5enhCdld2QwpYT3RxVUlKZzJjeUt1ZnkvQ0JrQ0F3RUFBYU1qTUNFd0RnWURWUjBQQVFIL0JBUURBZ0trTUE4R0ExVWRFd0VCCi93UUZNQU1CQWY4d0RRWUpLb1pJaHZjTkFRRUxCUUFEZ2dFQkFLQUNVKzlNWTVCeUN2S016a0NrQ2hQVVJaTXkKYXp1eWVUMm5MQWFic1EwM3U2OWc5ak9EKzRPNHJKOElhSnh6QmI1S1ZhWUhMS1lOU3k3ZDhId3RaampsUy80dAo2ME5KeWVsTlRxNWhuWmY3TWxZdUJtMGtCSjYrTUM4bGZhUkxQRERSaE5MMlU1Y2FWK2oyNkhaVDBCK1oyVjJyClNiaU50WEovZGwreGsyb1A1M2pEcEQ3Z2dkUndoS1hTNEpmd1JTcUlIYWhwK2JLNkMrNExUU0xaNVhvUkE2QnMKVmFDckZoVUpBeW1PK2hKU0FhTk9GYlFldVhyRmZ6dmNsT0tWY200UHB2Y0RJVEdoY0hzVStPR1hqNnN5ZnM4dApKUHB5NTI0UXl4bEZnVjRNbDQweW9RQ3d4NkltTmhsZ2IxRzNIOUNyM25SaHJ6bUt4eGpwU3hBbTlNQT0KLS0tLS1FTkQgQ0VSVElGSUNBVEUtLS0tLQo=",
      "type": "string"
    }
  },
  "resources": [
    {
      "mode": "data",
      "type": "aws_region",
      "name": "current",
      "provider": "provider.aws",
      "instances": [
        {
          "schema_version": 0,
          "attributes": {
            "current": null,
            "description": "US East (N. Virginia)",
            "endpoint": "ec2.us-east-1.amazonaws.com",
            "id": "us-east-1",
            "name": "us-east-1"
          }
        }
      ]
    },
    {
      "mode": "managed",
      "type": "aws_eks_cluster",
      "name": "ekscluster",
      "provider": "provider.aws",
      "instances": [
        {
          "schema_version": 0,
          "attributes": {
            "arn": "arn:aws:eks:us-east-1:826534061673:cluster/hackathon2k19",
            "certificate_authority": [
              {
                "data": "LS0tLS1CRUdJTiBDRVJUSUZJQ0FURS0tLS0tCk1JSUN5RENDQWJDZ0F3SUJBZ0lCQURBTkJna3Foa2lHOXcwQkFRc0ZBREFWTVJNd0VRWURWUVFERXdwcmRXSmwKY201bGRHVnpNQjRYRFRFNU1UQXpNVEE0TlRJMU9Wb1hEVEk1TVRBeU9EQTROVEkxT1Zvd0ZURVRNQkVHQTFVRQpBeE1LYTNWaVpYSnVaWFJsY3pDQ0FTSXdEUVlKS29aSWh2Y05BUUVCQlFBRGdnRVBBRENDQVFvQ2dnRUJBS0NzCk1POEJ1U1ZNbVJERkxocDM1dE1HOHBodVI5Y1FwVWRiNGtTMGRyN1kyZ0svVXhGSWhjcjhycDN0Z09CTnMzMUoKNkJsdTMwWjhxL3VEMG1uTEEyYWMyTkxIbklqbFRzVnIwVVpXOVBkK29hNDR0VE1kS1drSm5Sc1JuTDVVNEZ5cworT242ZmI0cW93eFR6QUxia0k1RzY5SStrbjlhZDhFRlhtellPdGZBWmRsa01pNTJGazhhUHAzcjIvUjc4emxSCkVGSmFQMUVnNnBycmY5SU5TQ3pnSWJ6RmNzY0IvaE92cXFrRmFmWENyQ2pqbGRBVERRcFJtYTlleno1UmZZV0MKVGFjRDF3RHpkeWwvdTl2VTk2NzF6Mko1S0VMWjlVdUVWNHgxdEZjNjVoa0c4SlRMMTZnWUdoK3l5enhCdld2QwpYT3RxVUlKZzJjeUt1ZnkvQ0JrQ0F3RUFBYU1qTUNFd0RnWURWUjBQQVFIL0JBUURBZ0trTUE4R0ExVWRFd0VCCi93UUZNQU1CQWY4d0RRWUpLb1pJaHZjTkFRRUxCUUFEZ2dFQkFLQUNVKzlNWTVCeUN2S016a0NrQ2hQVVJaTXkKYXp1eWVUMm5MQWFic1EwM3U2OWc5ak9EKzRPNHJKOElhSnh6QmI1S1ZhWUhMS1lOU3k3ZDhId3RaampsUy80dAo2ME5KeWVsTlRxNWhuWmY3TWxZdUJtMGtCSjYrTUM4bGZhUkxQRERSaE5MMlU1Y2FWK2oyNkhaVDBCK1oyVjJyClNiaU50WEovZGwreGsyb1A1M2pEcEQ3Z2dkUndoS1hTNEpmd1JTcUlIYWhwK2JLNkMrNExUU0xaNVhvUkE2QnMKVmFDckZoVUpBeW1PK2hKU0FhTk9GYlFldVhyRmZ6dmNsT0tWY200UHB2Y0RJVEdoY0hzVStPR1hqNnN5ZnM4dApKUHB5NTI0UXl4bEZnVjRNbDQweW9RQ3d4NkltTmhsZ2IxRzNIOUNyM25SaHJ6bUt4eGpwU3hBbTlNQT0KLS0tLS1FTkQgQ0VSVElGSUNBVEUtLS0tLQo="
              }
            ],
            "created_at": "2019-10-31 08:45:24 +0000 UTC",
            "enabled_cluster_log_types": [],
            "endpoint": "https://8AD34A2BF3B5B2A2A1C0A46E6FABFC36.gr7.us-east-1.eks.amazonaws.com",
            "id": "hackathon2k19",
            "identity": [
              {
                "oidc": [
                  {
                    "issuer": "https://oidc.eks.us-east-1.amazonaws.com/id/8AD34A2BF3B5B2A2A1C0A46E6FABFC36"
                  }
                ]
              }
            ],
            "name": "hackathon2k19",
            "platform_version": "eks.1",
            "role_arn": "arn:aws:iam::826534061673:role/terraform-eks-hackathon-cluster",
            "status": "ACTIVE",
            "tags": {},
            "timeouts": null,
            "version": "1.14",
            "vpc_config": [
              {
                "endpoint_private_access": false,
                "endpoint_public_access": true,
                "security_group_ids": [],
                "subnet_ids": [
                  "subnet-0875819be630c14e5",
                  "subnet-0903be6677f9edbbe"
                ],
                "vpc_id": "vpc-0d047d7ea212046d0"
              }
            ]
          },
          "private": "eyJlMmJmYjczMC1lY2FhLTExZTYtOGY4OC0zNDM2M2JjN2M0YzAiOnsiY3JlYXRlIjoxODAwMDAwMDAwMDAwLCJkZWxldGUiOjkwMDAwMDAwMDAwMCwidXBkYXRlIjozNjAwMDAwMDAwMDAwfX0=",
          "depends_on": [
            "aws_iam_role.hackathon-cluster-iamrole",
            "aws_iam_role_policy_attachment.Hackathon-cluster-AmazonEKSClusterPolicy",
            "aws_iam_role_policy_attachment.Hackathon-cluster-AmazonEKSServicePolicy",
            "aws_subnet.subnet-1",
            "aws_subnet.subnet-2"
          ]
        }
      ]
    },
    {
      "mode": "managed",
      "type": "aws_iam_instance_profile",
      "name": "hackathon-node",
      "provider": "provider.aws",
      "instances": [
        {
          "schema_version": 0,
          "attributes": {
            "arn": "arn:aws:iam::826534061673:instance-profile/terraform-eks-hackathon",
            "create_date": "2019-10-31T08:27:43Z",
            "id": "terraform-eks-hackathon",
            "name": "terraform-eks-hackathon",
            "name_prefix": null,
            "path": "/",
            "role": "terraform-eks-hackathon-node",
            "roles": [
              "terraform-eks-hackathon-node"
            ],
            "unique_id": "AIPA4A4KE4ZUSXTATNFFO"
          },
          "private": "bnVsbA==",
          "depends_on": [
            "aws_iam_role.hackathon-node"
          ]
        }
      ]
    },
    {
      "mode": "managed",
      "type": "aws_iam_role",
      "name": "hackathon-cluster-iamrole",
      "provider": "provider.aws",
      "instances": [
        {
          "schema_version": 0,
          "attributes": {
            "arn": "arn:aws:iam::826534061673:role/terraform-eks-hackathon-cluster",
            "assume_role_policy": "{\"Version\":\"2012-10-17\",\"Statement\":[{\"Effect\":\"Allow\",\"Principal\":{\"Service\":\"eks.amazonaws.com\"},\"Action\":\"sts:AssumeRole\"}]}",
            "create_date": "2019-10-31T08:45:14Z",
            "description": "",
            "force_detach_policies": false,
            "id": "terraform-eks-hackathon-cluster",
            "max_session_duration": 3600,
            "name": "terraform-eks-hackathon-cluster",
            "name_prefix": null,
            "path": "/",
            "permissions_boundary": null,
            "tags": {},
            "unique_id": "AROA4A4KE4ZUTBZYIM5BA"
          },
          "private": "bnVsbA=="
        }
      ]
    },
    {
      "mode": "managed",
      "type": "aws_iam_role",
      "name": "hackathon-node",
      "provider": "provider.aws",
      "instances": [
        {
          "schema_version": 0,
          "attributes": {
            "arn": "arn:aws:iam::826534061673:role/terraform-eks-hackathon-node",
            "assume_role_policy": "{\"Version\":\"2012-10-17\",\"Statement\":[{\"Effect\":\"Allow\",\"Principal\":{\"Service\":\"ec2.amazonaws.com\"},\"Action\":\"sts:AssumeRole\"}]}",
            "create_date": "2019-10-31T08:27:41Z",
            "description": "",
            "force_detach_policies": false,
            "id": "terraform-eks-hackathon-node",
            "max_session_duration": 3600,
            "name": "terraform-eks-hackathon-node",
            "name_prefix": null,
            "path": "/",
            "permissions_boundary": null,
            "tags": {},
            "unique_id": "AROA4A4KE4ZU57TS4KM47"
          },
          "private": "bnVsbA=="
        }
      ]
    },
    {
      "mode": "managed",
      "type": "aws_iam_role_policy_attachment",
      "name": "Hackathon-cluster-AmazonEKSClusterPolicy",
      "provider": "provider.aws",
      "instances": [
        {
          "schema_version": 0,
          "attributes": {
            "id": "terraform-eks-hackathon-cluster-20191031084516228700000002",
            "policy_arn": "arn:aws:iam::aws:policy/AmazonEKSClusterPolicy",
            "role": "terraform-eks-hackathon-cluster"
          },
          "private": "bnVsbA==",
          "depends_on": [
            "aws_iam_role.hackathon-cluster-iamrole"
          ]
        }
      ]
    },
    {
      "mode": "managed",
      "type": "aws_iam_role_policy_attachment",
      "name": "Hackathon-cluster-AmazonEKSServicePolicy",
      "provider": "provider.aws",
      "instances": [
        {
          "schema_version": 0,
          "attributes": {
            "id": "terraform-eks-hackathon-cluster-20191031084516225700000001",
            "policy_arn": "arn:aws:iam::aws:policy/AmazonEKSServicePolicy",
            "role": "terraform-eks-hackathon-cluster"
          },
          "private": "bnVsbA==",
          "depends_on": [
            "aws_iam_role.hackathon-cluster-iamrole"
          ]
        }
      ]
    },
    {
      "mode": "managed",
      "type": "aws_iam_role_policy_attachment",
      "name": "hackathon-node-AmazonEC2ContainerRegistryReadOnly",
      "provider": "provider.aws",
      "instances": [
        {
          "schema_version": 0,
          "attributes": {
            "id": "terraform-eks-hackathon-node-20191031082743461800000003",
            "policy_arn": "arn:aws:iam::aws:policy/AmazonEC2ContainerRegistryReadOnly",
            "role": "terraform-eks-hackathon-node"
          },
          "private": "bnVsbA==",
          "depends_on": [
            "aws_iam_role.hackathon-node"
          ]
        }
      ]
    },
    {
      "mode": "managed",
      "type": "aws_iam_role_policy_attachment",
      "name": "hackathon-node-AmazonEKSWorkerNodePolicy",
      "provider": "provider.aws",
      "instances": [
        {
          "schema_version": 0,
          "attributes": {
            "id": "terraform-eks-hackathon-node-20191031082743420800000001",
            "policy_arn": "arn:aws:iam::aws:policy/AmazonEKSWorkerNodePolicy",
            "role": "terraform-eks-hackathon-node"
          },
          "private": "bnVsbA==",
          "depends_on": [
            "aws_iam_role.hackathon-node"
          ]
        }
      ]
    },
    {
      "mode": "managed",
      "type": "aws_iam_role_policy_attachment",
      "name": "hackathon-node-AmazonEKS_CNI_Policy",
      "provider": "provider.aws",
      "instances": [
        {
          "schema_version": 0,
          "attributes": {
            "id": "terraform-eks-hackathon-node-20191031082743431800000002",
            "policy_arn": "arn:aws:iam::aws:policy/AmazonEKS_CNI_Policy",
            "role": "terraform-eks-hackathon-node"
          },
          "private": "bnVsbA==",
          "depends_on": [
            "aws_iam_role.hackathon-node"
          ]
        }
      ]
    },
    {
      "mode": "managed",
      "type": "aws_internet_gateway",
      "name": "vpcigw",
      "provider": "provider.aws",
      "instances": [
        {
          "schema_version": 0,
          "attributes": {
            "id": "igw-08a5394cf67bc633b",
            "owner_id": "826534061673",
            "tags": {
              "Name": "vpcigw"
            },
            "vpc_id": "vpc-0d047d7ea212046d0"
          },
          "private": "bnVsbA==",
          "depends_on": [
            "aws_vpc.cluster-vpc"
          ]
        }
      ]
    },
    {
      "mode": "managed",
      "type": "aws_launch_configuration",
      "name": "demo",
      "provider": "provider.aws",
      "instances": [
        {
          "schema_version": 0,
          "attributes": {
            "associate_public_ip_address": true,
            "ebs_block_device": [],
            "ebs_optimized": false,
            "enable_monitoring": true,
            "ephemeral_block_device": [],
            "iam_instance_profile": "terraform-eks-hackathon",
            "id": "hackathon-eks20191031095147448600000001",
            "image_id": "ami-0e238f8d607c4a5fd",
            "instance_type": "t2.micro",
            "key_name": "",
            "name": "hackathon-eks20191031095147448600000001",
            "name_prefix": "hackathon-eks",
            "placement_tenancy": null,
            "root_block_device": [],
            "security_groups": [
              "sg-0ecb73feccbb4d2a2"
            ],
            "spot_price": "",
            "user_data": null,
            "user_data_base64": "IyEvYmluL2Jhc2gNCnNldCAtbyB4dHJhY2UNCi9ldGMvZWtzL2Jvb3RzdHJhcC5zaCAtLWFwaXNlcnZlci1lbmRwb2ludCAnaHR0cHM6Ly84QUQzNEEyQkYzQjVCMkEyQTFDMEE0NkU2RkFCRkMzNi5ncjcudXMtZWFzdC0xLmVrcy5hbWF6b25hd3MuY29tJyAtLWI2NC1jbHVzdGVyLWNhICdMUzB0TFMxQ1JVZEpUaUJEUlZKVVNVWkpRMEZVUlMwdExTMHRDazFKU1VONVJFTkRRV0pEWjBGM1NVSkJaMGxDUVVSQlRrSm5hM0ZvYTJsSE9YY3dRa0ZSYzBaQlJFRldUVkpOZDBWUldVUldVVkZFUlhkd2NtUlhTbXdLWTIwMWJHUkhWbnBOUWpSWVJGUkZOVTFVUVhwTlZFRTBUbFJKTVU5V2IxaEVWRWsxVFZSQmVVOUVRVFJPVkVreFQxWnZkMFpVUlZSTlFrVkhRVEZWUlFwQmVFMUxZVE5XYVZwWVNuVmFXRkpzWTNwRFEwRlRTWGRFVVZsS1MyOWFTV2gyWTA1QlVVVkNRbEZCUkdkblJWQkJSRU5EUVZGdlEyZG5SVUpCUzBOekNrMVBPRUoxVTFaTmJWSkVSa3hvY0RNMWRFMUhPSEJvZFZJNVkxRndWV1JpTkd0VE1HUnlOMWt5WjBzdlZYaEdTV2hqY2poeWNETjBaMDlDVG5Nek1Vb0tOa0pzZFRNd1dqaHhMM1ZFTUcxdVRFRXlZV015VGt4SWJrbHFiRlJ6Vm5Jd1ZWcFhPVkJrSzI5aE5EUjBWRTFrUzFkclNtNVNjMUp1VERWVk5FWjVjd29yVDI0MlptSTBjVzkzZUZSNlFVeGlhMGsxUnpZNVNTdHJiamxoWkRoRlJsaHRlbGxQZEdaQldtUnNhMDFwTlRKR2F6aGhVSEF6Y2pJdlVqYzRlbXhTQ2tWR1NtRlFNVVZuTm5CeWNtWTVTVTVUUTNwblNXSjZSbU56WTBJdmFFOTJjWEZyUm1GbVdFTnlRMnBxYkdSQlZFUlJjRkp0WVRsbGVubzFVbVpaVjBNS1ZHRmpSREYzUkhwa2VXd3ZkVGwyVlRrMk56RjZNa28xUzBWTVdqbFZkVVZXTkhneGRFWmpOalZvYTBjNFNsUk1NVFpuV1Vkb0szbDVlbmhDZGxkMlF3cFlUM1J4VlVsS1p6SmplVXQxWm5rdlEwSnJRMEYzUlVGQllVMXFUVU5GZDBSbldVUldVakJRUVZGSUwwSkJVVVJCWjB0clRVRTRSMEV4VldSRmQwVkNDaTkzVVVaTlFVMUNRV1k0ZDBSUldVcExiMXBKYUhaalRrRlJSVXhDVVVGRVoyZEZRa0ZMUVVOVkt6bE5XVFZDZVVOMlMwMTZhME5yUTJoUVZWSmFUWGtLWVhwMWVXVlVNbTVNUVdGaWMxRXdNM1UyT1djNWFrOUVLelJQTkhKS09FbGhTbmg2UW1JMVMxWmhXVWhNUzFsT1UzazNaRGhJZDNSYWFtcHNVeTgwZEFvMk1FNUtlV1ZzVGxSeE5XaHVXbVkzVFd4WmRVSnRNR3RDU2pZclRVTTRiR1poVWt4UVJFUlNhRTVNTWxVMVkyRldLMm95TmtoYVZEQkNLMW95VmpKeUNsTmlhVTUwV0VvdlpHd3JlR3N5YjFBMU0ycEVjRVEzWjJka1VuZG9TMWhUTkVwbWQxSlRjVWxJWVdod0sySkxOa01yTkV4VVUweGFOVmh2VWtFMlFuTUtWbUZEY2tab1ZVcEJlVzFQSzJoS1UwRmhUazlHWWxGbGRWaHlSbVo2ZG1Oc1QwdFdZMjAwVUhCMlkwUkpWRWRvWTBoelZTdFBSMWhxTm5ONVpuTTRkQXBLVUhCNU5USTBVWGw0YkVablZqUk5iRFF3ZVc5UlEzZDROa2x0VG1oc1oySXhSek5JT1VOeU0yNVNhSEo2YlV0NGVHcHdVM2hCYlRsTlFUMEtMUzB0TFMxRlRrUWdRMFZTVkVsR1NVTkJWRVV0TFMwdExRbz0nICdoYWNrYXRob24yazE5Jw0K",
            "vpc_classic_link_id": "",
            "vpc_classic_link_security_groups": null
          },
          "private": "bnVsbA==",
          "depends_on": [
            "aws_iam_instance_profile.hackathon-node",
            "aws_security_group.node-sg"
          ]
        }
      ]
    },
    {
      "mode": "managed",
      "type": "aws_route_table",
      "name": "routetable",
      "provider": "provider.aws",
      "instances": [
        {
          "schema_version": 0,
          "attributes": {
            "id": "rtb-07851a39dc89871fe",
            "owner_id": "826534061673",
            "propagating_vgws": [],
            "route": [
              {
                "cidr_block": "0.0.0.0/0",
                "egress_only_gateway_id": "",
                "gateway_id": "igw-08a5394cf67bc633b",
                "instance_id": "",
                "ipv6_cidr_block": "",
                "nat_gateway_id": "",
                "network_interface_id": "",
                "transit_gateway_id": "",
                "vpc_peering_connection_id": ""
              }
            ],
            "tags": {},
            "vpc_id": "vpc-0d047d7ea212046d0"
          },
          "private": "bnVsbA==",
          "depends_on": [
            "aws_internet_gateway.vpcigw",
            "aws_vpc.cluster-vpc"
          ]
        }
      ]
    },
    {
      "mode": "managed",
      "type": "aws_route_table_association",
      "name": "routetable_association",
      "provider": "provider.aws",
      "instances": [
        {
          "schema_version": 0,
          "attributes": {
            "id": "rtbassoc-00c74d8a46175b56d",
            "route_table_id": "rtb-07851a39dc89871fe",
            "subnet_id": "subnet-0903be6677f9edbbe"
          },
          "private": "bnVsbA==",
          "depends_on": [
            "aws_route_table.routetable",
            "aws_subnet.subnet-1"
          ]
        }
      ]
    },
    {
      "mode": "managed",
      "type": "aws_route_table_association",
      "name": "routetable_association2",
      "provider": "provider.aws",
      "instances": [
        {
          "schema_version": 0,
          "attributes": {
            "id": "rtbassoc-0e9eb4633e162eb1f",
            "route_table_id": "rtb-07851a39dc89871fe",
            "subnet_id": "subnet-0875819be630c14e5"
          },
          "private": "bnVsbA==",
          "depends_on": [
            "aws_route_table.routetable",
            "aws_subnet.subnet-2"
          ]
        }
      ]
    },
    {
      "mode": "managed",
      "type": "aws_security_group",
      "name": "cluster-sg",
      "provider": "provider.aws",
      "instances": [
        {
          "schema_version": 1,
          "attributes": {
            "arn": "arn:aws:ec2:us-east-1:826534061673:security-group/sg-0940d9841c989db57",
            "description": "Allow https",
            "egress": [
              {
                "cidr_blocks": [
                  "0.0.0.0/0"
                ],
                "description": "",
                "from_port": 0,
                "ipv6_cidr_blocks": [],
                "prefix_list_ids": [],
                "protocol": "-1",
                "security_groups": [],
                "self": false,
                "to_port": 0
              }
            ],
            "id": "sg-0940d9841c989db57",
            "ingress": [
              {
                "cidr_blocks": [
                  "0.0.0.0/0"
                ],
                "description": "",
                "from_port": 443,
                "ipv6_cidr_blocks": [],
                "prefix_list_ids": [],
                "protocol": "tcp",
                "security_groups": [],
                "self": false,
                "to_port": 443
              }
            ],
            "name": "cluster-sg",
            "name_prefix": null,
            "owner_id": "826534061673",
            "revoke_rules_on_delete": false,
            "tags": {},
            "timeouts": null,
            "vpc_id": "vpc-0d047d7ea212046d0"
          },
          "private": "eyJlMmJmYjczMC1lY2FhLTExZTYtOGY4OC0zNDM2M2JjN2M0YzAiOnsiY3JlYXRlIjo2MDAwMDAwMDAwMDAsImRlbGV0ZSI6NjAwMDAwMDAwMDAwfSwic2NoZW1hX3ZlcnNpb24iOiIxIn0=",
          "depends_on": [
            "aws_vpc.cluster-vpc"
          ]
        }
      ]
    },
    {
      "mode": "managed",
      "type": "aws_security_group",
      "name": "node-sg",
      "provider": "provider.aws",
      "instances": [
        {
          "schema_version": 1,
          "attributes": {
            "arn": "arn:aws:ec2:us-east-1:826534061673:security-group/sg-0ecb73feccbb4d2a2",
            "description": "Security group for all nodes in the cluster",
            "egress": [
              {
                "cidr_blocks": [
                  "0.0.0.0/0"
                ],
                "description": "",
                "from_port": 0,
                "ipv6_cidr_blocks": [],
                "prefix_list_ids": [],
                "protocol": "-1",
                "security_groups": [],
                "self": false,
                "to_port": 0
              }
            ],
            "id": "sg-0ecb73feccbb4d2a2",
            "ingress": [
              {
                "cidr_blocks": [
                  "0.0.0.0/0"
                ],
                "description": "",
                "from_port": 0,
                "ipv6_cidr_blocks": [],
                "prefix_list_ids": [],
                "protocol": "-1",
                "security_groups": [],
                "self": false,
                "to_port": 0
              },
              {
                "cidr_blocks": [
                  "0.0.0.0/0"
                ],
                "description": "",
                "from_port": 1025,
                "ipv6_cidr_blocks": [],
                "prefix_list_ids": [],
                "protocol": "tcp",
                "security_groups": [],
                "self": false,
                "to_port": 65535
              },
              {
                "cidr_blocks": [
                  "0.0.0.0/0"
                ],
                "description": "",
                "from_port": 443,
                "ipv6_cidr_blocks": [],
                "prefix_list_ids": [],
                "protocol": "tcp",
                "security_groups": [],
                "self": false,
                "to_port": 443
              }
            ],
            "name": "node-sg",
            "name_prefix": null,
            "owner_id": "826534061673",
            "revoke_rules_on_delete": false,
            "tags": {},
            "timeouts": null,
            "vpc_id": "vpc-0d047d7ea212046d0"
          },
          "private": "eyJlMmJmYjczMC1lY2FhLTExZTYtOGY4OC0zNDM2M2JjN2M0YzAiOnsiY3JlYXRlIjo2MDAwMDAwMDAwMDAsImRlbGV0ZSI6NjAwMDAwMDAwMDAwfSwic2NoZW1hX3ZlcnNpb24iOiIxIn0=",
          "depends_on": [
            "aws_vpc.cluster-vpc"
          ]
        }
      ]
    },
    {
      "mode": "managed",
      "type": "aws_subnet",
      "name": "subnet-1",
      "provider": "provider.aws",
      "instances": [
        {
          "schema_version": 1,
          "attributes": {
            "arn": "arn:aws:ec2:us-east-1:826534061673:subnet/subnet-0903be6677f9edbbe",
            "assign_ipv6_address_on_creation": false,
            "availability_zone": "us-east-1a",
            "availability_zone_id": "use1-az1",
            "cidr_block": "10.0.0.0/21",
            "id": "subnet-0903be6677f9edbbe",
            "ipv6_cidr_block": "",
            "ipv6_cidr_block_association_id": "",
            "map_public_ip_on_launch": true,
            "owner_id": "826534061673",
            "tags": {
              "Name": "subnet-1"
            },
            "timeouts": null,
            "vpc_id": "vpc-0d047d7ea212046d0"
          },
          "private": "eyJlMmJmYjczMC1lY2FhLTExZTYtOGY4OC0zNDM2M2JjN2M0YzAiOnsiY3JlYXRlIjo2MDAwMDAwMDAwMDAsImRlbGV0ZSI6MTIwMDAwMDAwMDAwMH0sInNjaGVtYV92ZXJzaW9uIjoiMSJ9",
          "depends_on": [
            "aws_vpc.cluster-vpc"
          ]
        }
      ]
    },
    {
      "mode": "managed",
      "type": "aws_subnet",
      "name": "subnet-2",
      "provider": "provider.aws",
      "instances": [
        {
          "schema_version": 1,
          "attributes": {
            "arn": "arn:aws:ec2:us-east-1:826534061673:subnet/subnet-0875819be630c14e5",
            "assign_ipv6_address_on_creation": false,
            "availability_zone": "us-east-1b",
            "availability_zone_id": "use1-az2",
            "cidr_block": "10.0.8.0/21",
            "id": "subnet-0875819be630c14e5",
            "ipv6_cidr_block": "",
            "ipv6_cidr_block_association_id": "",
            "map_public_ip_on_launch": true,
            "owner_id": "826534061673",
            "tags": {
              "Name": "subnet-2"
            },
            "timeouts": null,
            "vpc_id": "vpc-0d047d7ea212046d0"
          },
          "private": "eyJlMmJmYjczMC1lY2FhLTExZTYtOGY4OC0zNDM2M2JjN2M0YzAiOnsiY3JlYXRlIjo2MDAwMDAwMDAwMDAsImRlbGV0ZSI6MTIwMDAwMDAwMDAwMH0sInNjaGVtYV92ZXJzaW9uIjoiMSJ9",
          "depends_on": [
            "aws_vpc.cluster-vpc"
          ]
        }
      ]
    },
    {
      "mode": "managed",
      "type": "aws_vpc",
      "name": "cluster-vpc",
      "provider": "provider.aws",
      "instances": [
        {
          "schema_version": 1,
          "attributes": {
            "arn": "arn:aws:ec2:us-east-1:826534061673:vpc/vpc-0d047d7ea212046d0",
            "assign_generated_ipv6_cidr_block": false,
            "cidr_block": "10.0.0.0/16",
            "default_network_acl_id": "acl-02c5b7dee24c2acb5",
            "default_route_table_id": "rtb-0465354ed72ce2349",
            "default_security_group_id": "sg-0ebf46295e8927324",
            "dhcp_options_id": "dopt-bbc2c9c0",
            "enable_classiclink": false,
            "enable_classiclink_dns_support": false,
            "enable_dns_hostnames": false,
            "enable_dns_support": true,
            "id": "vpc-0d047d7ea212046d0",
            "instance_tenancy": "default",
            "ipv6_association_id": "",
            "ipv6_cidr_block": "",
            "main_route_table_id": "rtb-0465354ed72ce2349",
            "owner_id": "826534061673",
            "tags": {
              "Name": "Cluster-VPC"
            }
          },
          "private": "eyJzY2hlbWFfdmVyc2lvbiI6IjEifQ=="
        }
      ]
    }
  ]
}
